
Microsoft Visual Studio Solution File, Format Version 12.00
# Visual Studio 15
VisualStudioVersion = 15.0.26730.12
MinimumVisualStudioVersion = 10.0.40219.1
Project("{FAE04EC0-301F-11D3-BF4B-00C04F79EFBC}") = "Thorium-Blender", "Thorium-Blender\Thorium-Blender.csproj", "{53E62C66-501D-4350-BEF0-D53711493536}"
EndProject
Project("{FAE04EC0-301F-11D3-BF4B-00C04F79EFBC}") = "Thorium-Shared", "Thorium-Computing-Farm\Source\Thorium-Shared\Thorium-Shared.csproj", "{FE33D9C9-43CA-4EC3-AB9F-154611627BFF}"
EndProject
Project("{FAE04EC0-301F-11D3-BF4B-00C04F79EFBC}") = "Thorium-Storage-Service", "Thorium-Computing-Farm\Source\Thorium-Storage-Service\Thorium-Storage-Service.csproj", "{60CE86DE-D3EB-4052-B3F7-3950BA29BB63}"
EndProject
Global
	GlobalSection(SolutionConfigurationPlatforms) = preSolution
		Debug|Any CPU = Debug|Any CPU
		Release|Any CPU = Release|Any CPU
	EndGlobalSection
	GlobalSection(ProjectConfigurationPlatforms) = postSolution
		{53E62C66-501D-4350-BEF0-D53711493536}.Debug|Any CPU.ActiveCfg = Debug|Any CPU
		{53E62C66-501D-4350-BEF0-D53711493536}.Debug|Any CPU.Build.0 = Debug|Any CPU
		{53E62C66-501D-4350-BEF0-D53711493536}.Release|Any CPU.ActiveCfg = Release|Any CPU
		{53E62C66-501D-4350-BEF0-D53711493536}.Release|Any CPU.Build.0 = Release|Any CPU
		{FE33D9C9-43CA-4EC3-AB9F-154611627BFF}.Debug|Any CPU.ActiveCfg = Debug|Any CPU
		{FE33D9C9-43CA-4EC3-AB9F-154611627BFF}.Debug|Any CPU.Build.0 = Debug|Any CPU
		{FE33D9C9-43CA-4EC3-AB9F-154611627BFF}.Release|Any CPU.ActiveCfg = Release|Any CPU
		{FE33D9C9-43CA-4EC3-AB9F-154611627BFF}.Release|Any CPU.Build.0 = Release|Any CPU
		{60CE86DE-D3EB-4052-B3F7-3950BA29BB63}.Debug|Any CPU.ActiveCfg = Debug|Any CPU
		{60CE86DE-D3EB-4052-B3F7-3950BA29BB63}.Debug|Any CPU.Build.0 = Debug|Any CPU
		{60CE86DE-D3EB-4052-B3F7-3950BA29BB63}.Release|Any CPU.ActiveCfg = Release|Any CPU
		{60CE86DE-D3EB-4052-B3F7-3950BA29BB63}.Release|Any CPU.Build.0 = Release|Any CPU
	EndGlobalSection
	GlobalSection(SolutionProperties) = preSolution
		HideSolutionNode = FALSE
	EndGlobalSection
	GlobalSection(ExtensibilityGlobals) = postSolution
		SolutionGuid = {C21DEEE6-D2EB-4555-8ADD-9039EDDDEB66}
	EndGlobalSection
EndGlobal
